
Microsoft Visual Studio Solution File, Format Version 12.00
# Visual Studio Version 16
VisualStudioVersion = 16.0.31702.278
MinimumVisualStudioVersion = 10.0.40219.1
Project("{9A19103F-16F7-4668-BE54-9A1E7A4F7556}") = "MutualTLS.API", "MutualTLS.API\MutualTLS.API.csproj", "{D56D2C67-B48A-4508-AE81-0A0C402A336B}"
EndProject
Project("{FAE04EC0-301F-11D3-BF4B-00C04F79EFBC}") = "MutualTLS.Client", "MutualTLS.Client\MutualTLS.Client.csproj", "{8C1E1855-5E0B-4F8E-9393-1A54D914D91E}"
EndProject
Global
	GlobalSection(SolutionConfigurationPlatforms) = preSolution
		Debug|Any CPU = Debug|Any CPU
		Release|Any CPU = Release|Any CPU
	EndGlobalSection
	GlobalSection(ProjectConfigurationPlatforms) = postSolution
		{D56D2C67-B48A-4508-AE81-0A0C402A336B}.Debug|Any CPU.ActiveCfg = Debug|Any CPU
		{D56D2C67-B48A-4508-AE81-0A0C402A336B}.Debug|Any CPU.Build.0 = Debug|Any CPU
		{D56D2C67-B48A-4508-AE81-0A0C402A336B}.Release|Any CPU.ActiveCfg = Release|Any CPU
		{D56D2C67-B48A-4508-AE81-0A0C402A336B}.Release|Any CPU.Build.0 = Release|Any CPU
		{8C1E1855-5E0B-4F8E-9393-1A54D914D91E}.Debug|Any CPU.ActiveCfg = Debug|Any CPU
		{8C1E1855-5E0B-4F8E-9393-1A54D914D91E}.Debug|Any CPU.Build.0 = Debug|Any CPU
		{8C1E1855-5E0B-4F8E-9393-1A54D914D91E}.Release|Any CPU.ActiveCfg = Release|Any CPU
		{8C1E1855-5E0B-4F8E-9393-1A54D914D91E}.Release|Any CPU.Build.0 = Release|Any CPU
	EndGlobalSection
	GlobalSection(SolutionProperties) = preSolution
		HideSolutionNode = FALSE
	EndGlobalSection
	GlobalSection(ExtensibilityGlobals) = postSolution
		SolutionGuid = {7959737B-7034-49FA-9812-E5D18E439AEE}
	EndGlobalSection
EndGlobal
